
Microsoft Visual Studio Solution File, Format Version 12.00
# Visual Studio Version 17
VisualStudioVersion = 17.7.34031.279
MinimumVisualStudioVersion = 10.0.40219.1
Project("{9A19103F-16F7-4668-BE54-9A1E7A4F7556}") = "Solucao.Notificacoes.API", "Solucao.Notificacoes.API\Solucao.Notificacoes.API.csproj", "{2DD43D7D-6C43-4DEA-8B62-BE769EA49D78}"
EndProject
Project("{FAE04EC0-301F-11D3-BF4B-00C04F79EFBC}") = "Solucao.Notificacoes.Console", "Solucao.Notificacoes.Console\Solucao.Notificacoes.Console.csproj", "{8E15666F-826D-48F0-9412-4C35B328E16D}"
EndProject
Global
	GlobalSection(SolutionConfigurationPlatforms) = preSolution
		Debug|Any CPU = Debug|Any CPU
		Release|Any CPU = Release|Any CPU
	EndGlobalSection
	GlobalSection(ProjectConfigurationPlatforms) = postSolution
		{2DD43D7D-6C43-4DEA-8B62-BE769EA49D78}.Debug|Any CPU.ActiveCfg = Debug|Any CPU
		{2DD43D7D-6C43-4DEA-8B62-BE769EA49D78}.Debug|Any CPU.Build.0 = Debug|Any CPU
		{2DD43D7D-6C43-4DEA-8B62-BE769EA49D78}.Release|Any CPU.ActiveCfg = Release|Any CPU
		{2DD43D7D-6C43-4DEA-8B62-BE769EA49D78}.Release|Any CPU.Build.0 = Release|Any CPU
		{8E15666F-826D-48F0-9412-4C35B328E16D}.Debug|Any CPU.ActiveCfg = Debug|Any CPU
		{8E15666F-826D-48F0-9412-4C35B328E16D}.Debug|Any CPU.Build.0 = Debug|Any CPU
		{8E15666F-826D-48F0-9412-4C35B328E16D}.Release|Any CPU.ActiveCfg = Release|Any CPU
		{8E15666F-826D-48F0-9412-4C35B328E16D}.Release|Any CPU.Build.0 = Release|Any CPU
	EndGlobalSection
	GlobalSection(SolutionProperties) = preSolution
		HideSolutionNode = FALSE
	EndGlobalSection
	GlobalSection(ExtensibilityGlobals) = postSolution
		SolutionGuid = {99ED53ED-50A0-4F18-8FD4-E44662C3E388}
	EndGlobalSection
EndGlobal
